
Microsoft Visual Studio Solution File, Format Version 12.00
# Visual Studio Version 17
VisualStudioVersion = 17.12.35527.113
MinimumVisualStudioVersion = 10.0.40219.1
Project("{FAE04EC0-301F-11D3-BF4B-00C04F79EFBC}") = "Library.Api", "Library.Api\Library.Api.csproj", "{1D2B2F2A-A213-4848-9F34-59889C6BA8D2}"
EndProject
Project("{FAE04EC0-301F-11D3-BF4B-00C04F79EFBC}") = "Business", "Business\Business.csproj", "{CD6EE068-17FD-4922-8CC9-CA35572C0482}"
EndProject
Project("{FAE04EC0-301F-11D3-BF4B-00C04F79EFBC}") = "DataAccess", "DataAccess\DataAccess.csproj", "{214D3006-5377-46A1-8302-BB24C2B8B0D3}"
EndProject
Project("{FAE04EC0-301F-11D3-BF4B-00C04F79EFBC}") = "Library.Core", "Library.Core\Library.Core.csproj", "{7966F250-C970-4426-9220-EFFE1C7EE36C}"
EndProject
Global
	GlobalSection(SolutionConfigurationPlatforms) = preSolution
		Debug|Any CPU = Debug|Any CPU
		Release|Any CPU = Release|Any CPU
	EndGlobalSection
	GlobalSection(ProjectConfigurationPlatforms) = postSolution
		{1D2B2F2A-A213-4848-9F34-59889C6BA8D2}.Debug|Any CPU.ActiveCfg = Debug|Any CPU
		{1D2B2F2A-A213-4848-9F34-59889C6BA8D2}.Debug|Any CPU.Build.0 = Debug|Any CPU
		{1D2B2F2A-A213-4848-9F34-59889C6BA8D2}.Release|Any CPU.ActiveCfg = Release|Any CPU
		{1D2B2F2A-A213-4848-9F34-59889C6BA8D2}.Release|Any CPU.Build.0 = Release|Any CPU
		{CD6EE068-17FD-4922-8CC9-CA35572C0482}.Debug|Any CPU.ActiveCfg = Debug|Any CPU
		{CD6EE068-17FD-4922-8CC9-CA35572C0482}.Debug|Any CPU.Build.0 = Debug|Any CPU
		{CD6EE068-17FD-4922-8CC9-CA35572C0482}.Release|Any CPU.ActiveCfg = Release|Any CPU
		{CD6EE068-17FD-4922-8CC9-CA35572C0482}.Release|Any CPU.Build.0 = Release|Any CPU
		{214D3006-5377-46A1-8302-BB24C2B8B0D3}.Debug|Any CPU.ActiveCfg = Debug|Any CPU
		{214D3006-5377-46A1-8302-BB24C2B8B0D3}.Debug|Any CPU.Build.0 = Debug|Any CPU
		{214D3006-5377-46A1-8302-BB24C2B8B0D3}.Release|Any CPU.ActiveCfg = Release|Any CPU
		{214D3006-5377-46A1-8302-BB24C2B8B0D3}.Release|Any CPU.Build.0 = Release|Any CPU
		{7966F250-C970-4426-9220-EFFE1C7EE36C}.Debug|Any CPU.ActiveCfg = Debug|Any CPU
		{7966F250-C970-4426-9220-EFFE1C7EE36C}.Debug|Any CPU.Build.0 = Debug|Any CPU
		{7966F250-C970-4426-9220-EFFE1C7EE36C}.Release|Any CPU.ActiveCfg = Release|Any CPU
		{7966F250-C970-4426-9220-EFFE1C7EE36C}.Release|Any CPU.Build.0 = Release|Any CPU
	EndGlobalSection
	GlobalSection(SolutionProperties) = preSolution
		HideSolutionNode = FALSE
	EndGlobalSection
EndGlobal
